<?xml version="1.0" encoding="utf-8"?>
<Project ToolsVersion="4.0" xmlns="http://schemas.microsoft.com/developer/msbuild/2003">
  <ItemGroup>
    <ClCompile Include="source\AABB.cpp" />
    <ClCompile Include="source\AnimatedImageRenderer.cpp" />
    <ClCompile Include="source\BigGreenPlane.cpp" />
    <ClCompile Include="source\EndTileItem.cpp" />
    <ClCompile Include="source\EnemyBullet.cpp" />
    <ClCompile Include="source\EnemyPlane.cpp" />
    <ClCompile Include="source\GameEngine.cpp" />
    <ClCompile Include="source\GameObject.cpp" />
    <ClCompile Include="source\GameOver.cpp" />
    <ClCompile Include="source\GameplayScene.cpp" />
    <ClCompile Include="source\GreenPowerUp.cpp" />
    <ClCompile Include="source\HUD.cpp" />
    <ClCompile Include="source\ImageRenderer.cpp" />
    <ClCompile Include="source\InputManager.cpp" />
    <ClCompile Include="source\LevelLoader.cpp" />
    <ClCompile Include="source\Main.cpp" />
    <ClCompile Include="source\MainMenuScene.cpp" />
    <ClCompile Include="source\Object.cpp" />
    <ClCompile Include="source\PauseMenu.cpp" />
    <ClCompile Include="source\Player.cpp" />
    <ClCompile Include="source\PlayerBullet.cpp" />
    <ClCompile Include="source\PowerUp.cpp" />
    <ClCompile Include="source\Renderer.cpp" />
    <ClCompile Include="source\RenderManager.cpp" />
    <ClCompile Include="source\Rigidbody.cpp" />
    <ClCompile Include="source\SceneManager.cpp" />
    <ClCompile Include="source\SmallNormalPlane.cpp" />
    <ClCompile Include="source\SmallRedPlane.cpp" />
    <ClCompile Include="source\SmallYellowPlane.cpp" />
    <ClCompile Include="source\Spawner.cpp" />
    <ClCompile Include="source\SplashScreenScene.cpp" />
    <ClCompile Include="source\SupportPlane.cpp" />
    <ClCompile Include="source\TextObject.cpp" />
    <ClCompile Include="source\TextRenderer.cpp" />
    <ClCompile Include="source\Tile.cpp" />
    <ClCompile Include="source\TimeManager.cpp" />
    <ClCompile Include="source\Transform.cpp" />
    <ClCompile Include="source\Vector2.cpp" />
    <ClCompile Include="source\Wave.cpp" />
    <ClCompile Include="source\ScoreManager.cpp" />
  </ItemGroup>
  <ItemGroup>
    <ClInclude Include="source\AABB.h" />
    <ClInclude Include="source\AnimatedImageRenderer.h" />
    <ClInclude Include="source\BigGreenPlane.h" />
    <ClInclude Include="source\EndTileItem.h" />
    <ClInclude Include="source\EnemyBullet.h" />
    <ClInclude Include="source\EnemyPlane.h" />
    <ClInclude Include="source\GameEngine.h" />
    <ClInclude Include="source\GameObject.h" />
    <ClInclude Include="source\GameOver.h" />
    <ClInclude Include="source\GameplayScene.h" />
    <ClInclude Include="source\GameState.h" />
    <ClInclude Include="source\GreenPowerUp.h" />
    <ClInclude Include="source\HUD.h" />
    <ClInclude Include="source\ImageRenderer.h" />
    <ClInclude Include="source\InputManager.h" />
    <ClInclude Include="source\LevelLoader.h" />
    <ClInclude Include="source\MainMenuScene.h" />
    <ClInclude Include="source\MovementPattern.h" />
    <ClInclude Include="source\MovementType.h" />
    <ClInclude Include="source\Object.h" />
    <ClInclude Include="source\PauseMenu.h" />
    <ClInclude Include="source\Player.h" />
    <ClInclude Include="source\PlayerBullet.h" />
    <ClInclude Include="source\PowerUp.h" />
    <ClInclude Include="source\Renderer.h" />
    <ClInclude Include="source\RenderManager.h" />
    <ClInclude Include="source\Rigidbody.h" />
    <ClInclude Include="source\Scene.h" />
    <ClInclude Include="source\SceneManager.h" />
    <ClInclude Include="source\SmallNormalPlane.h" />
    <ClInclude Include="source\SmallRedPlane.h" />
    <ClInclude Include="source\SmallYellowPlane.h" />
    <ClInclude Include="source\Spawner.h" />
    <ClInclude Include="source\SplashScreenScene.h" />
    <ClInclude Include="source\SupportPlane.h" />
    <ClInclude Include="source\TextObject.h" />
    <ClInclude Include="source\TextRenderer.h" />
    <ClInclude Include="source\Tile.h" />
    <ClInclude Include="source\TimeManager.h" />
    <ClInclude Include="source\Transform.h" />
    <ClInclude Include="source\UIText.h" />
    <ClInclude Include="source\Vector2.h" />
    <ClInclude Include="source\Wave.h" />
    <ClInclude Include="source\WaveType.h" />
    <ClInclude Include="source\ScoreManager.h" />
  </ItemGroup>
  <ItemGroup>
    <Xml Include="resources\stage_0.xml" />
  </ItemGroup>
</Project>